
Microsoft Visual Studio Solution File, Format Version 12.00
# Visual Studio Version 17
VisualStudioVersion = 17.10.35013.160
MinimumVisualStudioVersion = 10.0.40219.1
Project("{9A19103F-16F7-4668-BE54-9A1E7A4F7556}") = "Test3.7.2024", "Test3.7.2024.csproj", "{2C09274D-DA9B-4964-8799-902A2A3D0085}"
EndProject
Global
	GlobalSection(SolutionConfigurationPlatforms) = preSolution
		Debug|Any CPU = Debug|Any CPU
		Release|Any CPU = Release|Any CPU
	EndGlobalSection
	GlobalSection(ProjectConfigurationPlatforms) = postSolution
		{2C09274D-DA9B-4964-8799-902A2A3D0085}.Debug|Any CPU.ActiveCfg = Debug|Any CPU
		{2C09274D-DA9B-4964-8799-902A2A3D0085}.Debug|Any CPU.Build.0 = Debug|Any CPU
		{2C09274D-DA9B-4964-8799-902A2A3D0085}.Release|Any CPU.ActiveCfg = Release|Any CPU
		{2C09274D-DA9B-4964-8799-902A2A3D0085}.Release|Any CPU.Build.0 = Release|Any CPU
	EndGlobalSection
	GlobalSection(SolutionProperties) = preSolution
		HideSolutionNode = FALSE
	EndGlobalSection
	GlobalSection(ExtensibilityGlobals) = postSolution
		SolutionGuid = {FCC45C47-9BB5-4DEB-A305-051023FBBD7A}
	EndGlobalSection
EndGlobal
